
Microsoft Visual Studio Solution File, Format Version 12.00
# Visual Studio Version 16
VisualStudioVersion = 16.0.30011.22
MinimumVisualStudioVersion = 10.0.40219.1
Project("{9A19103F-16F7-4668-BE54-9A1E7A4F7556}") = "GihanSoft.ExtensionMethods", "src\GihanSoft.ExtensionMethods\GihanSoft.ExtensionMethods.csproj", "{D31AE71B-416C-4DAA-8AC3-FD4FBA49140C}"
EndProject
Project("{2150E333-8FDC-42A3-9474-1A3956D46DE8}") = "test", "test", "{270FE1EB-78D3-442B-BA34-3C23B017C616}"
EndProject
Project("{9A19103F-16F7-4668-BE54-9A1E7A4F7556}") = "GihanSoft.ExtensionMethods.Test.CsCore", "test\GihanSoft.ExtensionMethods.Test.CsCore\GihanSoft.ExtensionMethods.Test.CsCore.csproj", "{88D8EC54-8AE1-4C09-A1EF-F3095F691951}"
EndProject
Project("{2150E333-8FDC-42A3-9474-1A3956D46DE8}") = "Solution Items", "Solution Items", "{1CC3FA30-4C32-47F2-9950-DDEF8A8DF418}"
	ProjectSection(SolutionItems) = preProject
		LICENSE.md = LICENSE.md
		README.md = README.md
	EndProjectSection
EndProject
Global
	GlobalSection(SolutionConfigurationPlatforms) = preSolution
		Debug|Any CPU = Debug|Any CPU
		Release|Any CPU = Release|Any CPU
	EndGlobalSection
	GlobalSection(ProjectConfigurationPlatforms) = postSolution
		{D31AE71B-416C-4DAA-8AC3-FD4FBA49140C}.Debug|Any CPU.ActiveCfg = Debug|Any CPU
		{D31AE71B-416C-4DAA-8AC3-FD4FBA49140C}.Debug|Any CPU.Build.0 = Debug|Any CPU
		{D31AE71B-416C-4DAA-8AC3-FD4FBA49140C}.Release|Any CPU.ActiveCfg = Release|Any CPU
		{D31AE71B-416C-4DAA-8AC3-FD4FBA49140C}.Release|Any CPU.Build.0 = Release|Any CPU
		{88D8EC54-8AE1-4C09-A1EF-F3095F691951}.Debug|Any CPU.ActiveCfg = Debug|Any CPU
		{88D8EC54-8AE1-4C09-A1EF-F3095F691951}.Debug|Any CPU.Build.0 = Debug|Any CPU
		{88D8EC54-8AE1-4C09-A1EF-F3095F691951}.Release|Any CPU.ActiveCfg = Release|Any CPU
		{88D8EC54-8AE1-4C09-A1EF-F3095F691951}.Release|Any CPU.Build.0 = Release|Any CPU
	EndGlobalSection
	GlobalSection(SolutionProperties) = preSolution
		HideSolutionNode = FALSE
	EndGlobalSection
	GlobalSection(NestedProjects) = preSolution
		{88D8EC54-8AE1-4C09-A1EF-F3095F691951} = {270FE1EB-78D3-442B-BA34-3C23B017C616}
	EndGlobalSection
	GlobalSection(ExtensibilityGlobals) = postSolution
		SolutionGuid = {2C274050-099C-42A9-8524-C7C8447EA49E}
	EndGlobalSection
EndGlobal
